
Microsoft Visual Studio Solution File, Format Version 12.00
# Visual Studio Version 17
VisualStudioVersion = 17.11.35222.181
MinimumVisualStudioVersion = 10.0.40219.1
Project("{FAE04EC0-301F-11D3-BF4B-00C04F79EFBC}") = "Inlemningsuppgift03", "Inlemningsuppgift03.csproj", "{62423AD3-499C-4191-9B44-8B5E87E06198}"
EndProject
Global
	GlobalSection(SolutionConfigurationPlatforms) = preSolution
		Debug|Any CPU = Debug|Any CPU
		Release|Any CPU = Release|Any CPU
	EndGlobalSection
	GlobalSection(ProjectConfigurationPlatforms) = postSolution
		{62423AD3-499C-4191-9B44-8B5E87E06198}.Debug|Any CPU.ActiveCfg = Debug|Any CPU
		{62423AD3-499C-4191-9B44-8B5E87E06198}.Debug|Any CPU.Build.0 = Debug|Any CPU
		{62423AD3-499C-4191-9B44-8B5E87E06198}.Release|Any CPU.ActiveCfg = Release|Any CPU
		{62423AD3-499C-4191-9B44-8B5E87E06198}.Release|Any CPU.Build.0 = Release|Any CPU
	EndGlobalSection
	GlobalSection(SolutionProperties) = preSolution
		HideSolutionNode = FALSE
	EndGlobalSection
	GlobalSection(ExtensibilityGlobals) = postSolution
		SolutionGuid = {AACF0E24-6FBD-460E-A3E3-8B707669E08A}
	EndGlobalSection
EndGlobal
